
Microsoft Visual Studio Solution File, Format Version 12.00
# Visual Studio Version 16
VisualStudioVersion = 25.0.1704.3
MinimumVisualStudioVersion = 10.0.40219.1
Project("{FAE04EC0-301F-11D3-BF4B-00C04F79EFBC}") = "App.LMSystem", "LMSystem\App.LMSystem.csproj", "{2AEBE75C-9477-4D40-8B98-F09FD2F92141}"
EndProject
Project("{FAE04EC0-301F-11D3-BF4B-00C04F79EFBC}") = "Library.LMSystem", "Library.LMSystem\Library.LMSystem.csproj", "{BE941AFC-1478-453C-B6FD-2ECAAD06C3BE}"
EndProject
Global
	GlobalSection(SolutionConfigurationPlatforms) = preSolution
		Debug|Any CPU = Debug|Any CPU
		Release|Any CPU = Release|Any CPU
	EndGlobalSection
	GlobalSection(ProjectConfigurationPlatforms) = postSolution
		{2AEBE75C-9477-4D40-8B98-F09FD2F92141}.Debug|Any CPU.ActiveCfg = Debug|Any CPU
		{2AEBE75C-9477-4D40-8B98-F09FD2F92141}.Debug|Any CPU.Build.0 = Debug|Any CPU
		{2AEBE75C-9477-4D40-8B98-F09FD2F92141}.Release|Any CPU.ActiveCfg = Release|Any CPU
		{2AEBE75C-9477-4D40-8B98-F09FD2F92141}.Release|Any CPU.Build.0 = Release|Any CPU
		{BE941AFC-1478-453C-B6FD-2ECAAD06C3BE}.Debug|Any CPU.ActiveCfg = Debug|Any CPU
		{BE941AFC-1478-453C-B6FD-2ECAAD06C3BE}.Debug|Any CPU.Build.0 = Debug|Any CPU
		{BE941AFC-1478-453C-B6FD-2ECAAD06C3BE}.Release|Any CPU.ActiveCfg = Release|Any CPU
		{BE941AFC-1478-453C-B6FD-2ECAAD06C3BE}.Release|Any CPU.Build.0 = Release|Any CPU
	EndGlobalSection
	GlobalSection(SolutionProperties) = preSolution
		HideSolutionNode = FALSE
	EndGlobalSection
	GlobalSection(ExtensibilityGlobals) = postSolution
		SolutionGuid = {39C772AF-5812-4E7A-8A4A-3A602E55BD72}
	EndGlobalSection
EndGlobal
